
Microsoft Visual Studio Solution File, Format Version 12.00
# Visual Studio 14
VisualStudioVersion = 14.0.25420.1
MinimumVisualStudioVersion = 10.0.40219.1
Project("{151D2E53-A2C4-4D7D-83FE-D05416EBD58E}") = "chihostsp", "chihostsp\chihostsp.deployproj", "{35FB2318-DC29-43F3-8B66-C3DB0E763C90}"
EndProject
Global
	GlobalSection(SolutionConfigurationPlatforms) = preSolution
		Debug|Any CPU = Debug|Any CPU
		Release|Any CPU = Release|Any CPU
	EndGlobalSection
	GlobalSection(ProjectConfigurationPlatforms) = postSolution
		{35FB2318-DC29-43F3-8B66-C3DB0E763C90}.Debug|Any CPU.ActiveCfg = Debug|Any CPU
		{35FB2318-DC29-43F3-8B66-C3DB0E763C90}.Debug|Any CPU.Build.0 = Debug|Any CPU
		{35FB2318-DC29-43F3-8B66-C3DB0E763C90}.Release|Any CPU.ActiveCfg = Release|Any CPU
		{35FB2318-DC29-43F3-8B66-C3DB0E763C90}.Release|Any CPU.Build.0 = Release|Any CPU
	EndGlobalSection
	GlobalSection(SolutionProperties) = preSolution
		HideSolutionNode = FALSE
	EndGlobalSection
EndGlobal
